
Microsoft Visual Studio Solution File, Format Version 12.00
# Visual Studio 14
VisualStudioVersion = 14.0.24720.0
MinimumVisualStudioVersion = 10.0.40219.1
Project("{FAE04EC0-301F-11D3-BF4B-00C04F79EFBC}") = "Physics.NET", "Physics.NET\Physics.NET.csproj", "{84C7D53F-ED83-4400-8B18-5B58E4E48158}"
EndProject
Project("{9092AA53-FB77-4645-B42D-1CCCA6BD08BD}") = "PhysicsJS", "PhysicsJS\PhysicsJS.njsproj", "{F51C1196-D6DC-4075-ACFE-CB60EB1B16FC}"
EndProject
Global
	GlobalSection(SolutionConfigurationPlatforms) = preSolution
		Debug|Any CPU = Debug|Any CPU
		Release|Any CPU = Release|Any CPU
	EndGlobalSection
	GlobalSection(ProjectConfigurationPlatforms) = postSolution
		{84C7D53F-ED83-4400-8B18-5B58E4E48158}.Debug|Any CPU.ActiveCfg = Debug|Any CPU
		{84C7D53F-ED83-4400-8B18-5B58E4E48158}.Debug|Any CPU.Build.0 = Debug|Any CPU
		{84C7D53F-ED83-4400-8B18-5B58E4E48158}.Release|Any CPU.ActiveCfg = Release|Any CPU
		{84C7D53F-ED83-4400-8B18-5B58E4E48158}.Release|Any CPU.Build.0 = Release|Any CPU
		{F51C1196-D6DC-4075-ACFE-CB60EB1B16FC}.Debug|Any CPU.ActiveCfg = Debug|Any CPU
		{F51C1196-D6DC-4075-ACFE-CB60EB1B16FC}.Debug|Any CPU.Build.0 = Debug|Any CPU
		{F51C1196-D6DC-4075-ACFE-CB60EB1B16FC}.Release|Any CPU.ActiveCfg = Release|Any CPU
		{F51C1196-D6DC-4075-ACFE-CB60EB1B16FC}.Release|Any CPU.Build.0 = Release|Any CPU
	EndGlobalSection
	GlobalSection(SolutionProperties) = preSolution
		HideSolutionNode = FALSE
	EndGlobalSection
EndGlobal
